
Microsoft Visual Studio Solution File, Format Version 12.00
# Visual Studio Version 17
VisualStudioVersion = 17.5.33530.505
MinimumVisualStudioVersion = 10.0.40219.1
Project("{FAE04EC0-301F-11D3-BF4B-00C04F79EFBC}") = "HotelManagement", "HotelManagement.csproj", "{618E0D82-F4C7-4CF7-B7AC-8CC66F1B70C6}"
EndProject
Global
	GlobalSection(SolutionConfigurationPlatforms) = preSolution
		Debug|Any CPU = Debug|Any CPU
		Release|Any CPU = Release|Any CPU
	EndGlobalSection
	GlobalSection(ProjectConfigurationPlatforms) = postSolution
		{618E0D82-F4C7-4CF7-B7AC-8CC66F1B70C6}.Debug|Any CPU.ActiveCfg = Debug|Any CPU
		{618E0D82-F4C7-4CF7-B7AC-8CC66F1B70C6}.Debug|Any CPU.Build.0 = Debug|Any CPU
		{618E0D82-F4C7-4CF7-B7AC-8CC66F1B70C6}.Release|Any CPU.ActiveCfg = Release|Any CPU
		{618E0D82-F4C7-4CF7-B7AC-8CC66F1B70C6}.Release|Any CPU.Build.0 = Release|Any CPU
	EndGlobalSection
	GlobalSection(SolutionProperties) = preSolution
		HideSolutionNode = FALSE
	EndGlobalSection
	GlobalSection(ExtensibilityGlobals) = postSolution
		SolutionGuid = {4ED9807A-737F-4356-980B-5BDE5CEC6EE1}
	EndGlobalSection
EndGlobal
